{
    "_meta": {
        "hash": {
            "sha256": "7d18bb2887d30ff8833c793c0465a3ae14b440a6bf41d3ad4d1dd02b4ceb1e93"
        },
        "pipfile-spec": 6,
        "requires": {
            "python_version": "3.7"
        },
        "sources": [
            {
                "name": "pypi",
                "url": "https://pypi.org/simple",
                "verify_ssl": true
            }
        ]
    },
    "default": {
        "certifi": {
            "hashes": [
                "sha256:35824b4c3a97115964b408844d64aa14db1cc518f6562e8d7261699d1350a9e3",
                "sha256:4ad3232f5e926d6718ec31cfc1fcadfde020920e278684144551c91769c7bc18"
            ],
            "index": "pypi",
            "version": "==2022.12.7"
        },
        "chardet": {
            "hashes": [
                "sha256:84ab92ed1c4d4f16916e05906b6b75a6c0fb5db821cc65e70cbd64a3e2a5eaae",
                "sha256:fc323ffcaeaed0e0a02bf4d117757b98aed530d9ed4531e3e15460124c106691"
            ],
            "version": "==3.0.4"
        },
        "grpcio": {
            "hashes": [
                "sha256:0442f7d0c527ceab6a76159937ae8109941eace90ec00cb1bd08fc4f3179e52e",
                "sha256:051957d0f61f4dec90868a54ee969228409926a0a19fd8ed7b4a0e50388effee",
                "sha256:0d262794b2339770d5378a5717f8ddbfb68e409974582f0503272b90b7cc79bd",
                "sha256:142693dc8bd427c595d030f75bf8d01c843d9ccb659499e8507ad22da832e9cf",
                "sha256:18d44515a3fd3a71442abb5a1c65fc1909d859c13cda50c974cbc69742a80cea",
                "sha256:1d50674bdffa18ea6143e0df9a1b97cdeab583ce5dd1cabda3502ee75215065c",
                "sha256:3945335a5b8332995415c5f03da1a5f6e36da6ede819a611e2cbb093cf752bdd",
                "sha256:3a9603ff14070524f4c69634afad6b280b07ad9f8c2c346c4b2290306e1928ac",
                "sha256:52861aac5c1dcf4c841eb555b257cfb56d0c840a286495078382f538d0a34d6a",
                "sha256:53c512c7c8af9cb9e3e1cc5ce5e4a5fb2f2e7695e69219f90016bc602abe2f3b",
                "sha256:57ea92c9b81015e5f2cc355e53f08a4e661b78a207857311c7b8c55137a43b29",
                "sha256:5f8574c9e42d1917e41cdedc6312682a96e4547114c7bb0f3de125199a58b3d6",
                "sha256:638ff1a45dd7a226b2b9390296a111142363fe2b5503499f3987d599bce0683c",
                "sha256:64fe0dc897f1f19a6500948862857cb3b97247be997bc47b4dbade42f8af5f97",
                "sha256:67920ec7d2de89845e5232aed41271ef53e1a362c8ffb84f6a6c6e644a75ce3a",
                "sha256:714cddc170efeedf6312d8534ef7f52dcf20dd8f5fb7c5e425c2b6819ac1b9ec",
                "sha256:7edf33e929b1666ff68bfc280b9021a862ab423d0e6306889cc2bc7c907dfc27",
                "sha256:84eb47b1a47e206e78f453fb92a155ed0d18d2ca8747f5c67e4b50b9c37180a7",
                "sha256:8a6289e5c38318cba75115f0bf88be166ead40c83c10dd81ace52f1ab5dc1eab",
                "sha256:8bd5b8c3c8872da748dc8810b664699a5f1d49f2c9ab2b205b96ec9fe06741ad",
                "sha256:93e7672348d4c68ac570c499a794ff4453a1928c39cbe708472a0e1b77176411",
                "sha256:9d37fb214674f0f194a80df5ad0b9c9b9f2fa5c5408ceaf0fc796e57588404d9",
                "sha256:9de6746a749634004499bac773ad9877d84d826aca2dc14ba4ebd3cd9f64ed74",
                "sha256:9e530c69d6e566ca985193a63363af36a7560a23f4979df6e392bb1bdf05caed",
                "sha256:b37f36da8f4d0bf07d53eb34395b68f5e0dc0bcee207affde9ba29bbf6bd6ced",
                "sha256:cf9b57d139e44eab294ab31eb0181150d877440a8a321bb4422e2c09f6c7a7d9",
                "sha256:dd716aab42be3d1fde74577e42b6319b6399b07d418e49b653e0e1bcd88399bc",
                "sha256:dea43aa864edc3b3d8de1f6e40144119fbccdf04525b3ece4fef9392b6eed436",
                "sha256:e6cbd27559ff91c98991b8ec4ef19f394bf9056d6897aabb9af79568307181d3",
                "sha256:f58e3377da8e8e453068dffc00d17691a97ffd1c3a5a7460b890cf83a9ca6edf",
                "sha256:f938fdfb780a0658d04e1d727b4fb470490087c56cb31ba75cb54fb4bea515bd",
                "sha256:fee4accad7a113004aef226b851f0494c01fc8d281fdebd74468f19cc45354a0"
            ],
            "index": "pypi",
            "version": "==1.20.1"
        },
        "grpcio-tools": {
            "hashes": [
                "sha256:18251bfebf7bc6644a0ae840f58799de1bdf5be85feea09f879cd2f4a59d01f3",
                "sha256:1933d225a98f34d8d84c04eb285c07883acd847b80cb5bd3196567b7cb6ca40e",
                "sha256:1fa063b9af391282acd99c430c10e054348dcd85a846d67c5dd07f8ec8557ba6",
                "sha256:34270adf4e0b99b871141f0bc819248d0b939572ab198baca3d8c04bc87f12f5",
                "sha256:3543ac17c9921a18c20c6167a206d852e006a6b9563f5da6520b8abdf8251201",
                "sha256:3abfc10f48e07e7c86f6b1fa9517ba1759592549e15b3752d7e809e47a4529b7",
                "sha256:4649176db12327e321e304b8c744c89f5f4d7bee174bb27c6357c6b163175e89",
                "sha256:4657123d483e10cb32830b714db946fefdf55a8538afd6a97668204224ba4273",
                "sha256:4c8bc521cac2a3a07e5c56ef11cfcdf9b786ef26c569917862c7619eb9c832dc",
                "sha256:50ef01bd2cd08e69e06f3d40ea1eabf0452e7b63070ec5ea73ebdb5c3025a72e",
                "sha256:5ab809a3d95cb7212ccf5fa176d9d9bbfd69f960e0dc8398c2a425d4a15c6230",
                "sha256:5b2e5130b5d97be6fa327c271cf511c5a2086ee40a4ceff285b113b87a7cefb4",
                "sha256:66941d9a7a187f6027fb2a04ce706e1324337fad59f148a54c848abb87c8bb28",
                "sha256:6dbdcef444be0dcfddbc65fbec464896da0491d48e209b4e969ac36eada10b3a",
                "sha256:82fe2e6608c4376e1f13aa43187464fa12047bb6a969c71c1ca2513a4ddc4ddc",
                "sha256:8cb017cce7e2f122843268ea594805c6b10604188e66ad418191533d2115bd71",
                "sha256:93da9f5756ae797e15d50c2dd9085bd9052e1a40943fb4dfca54435e01d5f599",
                "sha256:962007979e64ffc6bedcf98ece3365b2fffd6471cef3c3f34296ec1359e50093",
                "sha256:99fb55f7dffc9e1f28ead23ddcb0c88176030fa55297184b81fb5609a6e89d67",
                "sha256:a0067b305b0fd3d3bdcf57a470adb7f4d7cf60d3971dfbce810e776c6583ab81",
                "sha256:ae72ccdbd04a2e361ee73076aa1bc157aa94425d2c0fea1b6933d3754a02a0e4",
                "sha256:b0df062df553c32c44c4f3db202d2f120cc00dac670199893073e9a286147c4a",
                "sha256:bce89624f7dcc791c948190ba5a4b9dc4c6346bed6bebd1d6f4b6c8d09132d66",
                "sha256:c579c265eec4368862e7ab6434dc731011fc1115d470c8905f6377b17efd9957",
                "sha256:c8674006a49b4b78e99822875026bf29806591608ae9d8a90222fb74c5118524",
                "sha256:d101c3da3680008d0e1222a2d11de9ec019b093cee85b2c715064cd9a2ad05c3",
                "sha256:e00a5d42113333b75490a266de4f67b95fecd3213a12d9812bd5eddc9cda413f",
                "sha256:e414e3d5a0a83fef0429af0de6c0a51418e65214cb314ba4d6955f3eb6d6e46a",
                "sha256:e433ce3a59de3f2fa9c2e274bebeed422fa3bf55cc9d3be992ac79116442031b",
                "sha256:e6841de92854fc12ba725a6ded8326cc9d3ed9a99dfe8c6720b85f01304b1bd1",
                "sha256:e70098871ef1f35acf85d1378613f128b66402b3d3c4a575f8363736c5c3b791",
                "sha256:fc1a60d1c20dea8d9f409699956623e1af12c6629ec3b7ebe0a88e94bce96a31"
            ],
            "index": "pypi",
            "version": "==1.20.1"
        },
        "idna": {
            "hashes": [
                "sha256:c357b3f628cf53ae2c4c05627ecc484553142ca23264e593d327bcde5e9c3407",
                "sha256:ea8b7f6188e6fa117537c3df7da9fc686d485087abf6ac197f9c46432f7e4a3c"
            ],
            "version": "==2.8"
        },
        "protobuf": {
            "hashes": [
                "sha256:0413addc126c40a5440ee59be098de1007183d68e9f5f20ed5fbc44848f417ca",
                "sha256:05cbcb9a25cd781fd949f93f6f98a911883868c0360c6d2264fc99a903c8f0d7",
                "sha256:0c968753028cb14b1d24cc839723f7e9505b305fc588a37a9e0f7d270cb59d89",
                "sha256:2a172741b5b041a896b621cef4277077afd571e0d3a6e524e7171f1c70e33200",
                "sha256:3f08f04b4f101dd469efbcc1731fbf48068eccd8a42f4e2ea530aa012a5f56f8",
                "sha256:4d97c16c0d11155b3714a29245461f0eb60cace294455077f3a3b8a629afa383",
                "sha256:5096b3922b45e4b7a04d3d3cb855d13bb5ccd4d5e44b129e706232ebf0ffb870",
                "sha256:5efa8a8162ada7e10847140308fbf84fdc5b89dc21655d12ec04aed87284fe07",
                "sha256:6b809f20923b6ef49dc1755cb50bdb21be179b4a3c7ffcab1fe5d3f139b58a51",
                "sha256:81b233a06c62387ea5c9be2cd9aedd2ba09940e91da53b920e9ff5bd98e48e7f",
                "sha256:a5e89eabaa0ca72ce1b7c8104a740d44cdb67942cbbed00c69a4c0541de17107",
                "sha256:b78d7c2c36b51c0041b9bf000be4adb09f4112bfc40bc7a9d48ac0b0dfad139e",
                "sha256:e53165dd14d19abc7f50733f365de431e51d1d262db40c0ee22e271a074fac59",
                "sha256:e92768d17473657c87e98b79a4c7724b0ddfa23211b05ce137bfdc55e734e36f"
            ],
            "markers": "python_version >= '3.7'",
            "version": "==4.21.10"
        },
        "python-consul": {
            "hashes": [
                "sha256:168f1fa53948047effe4f14d53fc1dab50192e2a2cf7855703f126f469ea11f4",
                "sha256:eeaaeeae87807ad1bc0d476ca3a9c53823ed5d514832951acebeca671eb54b20"
            ],
            "index": "pypi",
            "version": "==1.1.0"
        },
        "requests": {
            "hashes": [
                "sha256:502a824f31acdacb3a35b6690b5fbf0bc41d63a24a45c4004352b0242707598e",
                "sha256:7bf2a778576d825600030a110f3c0e3e8edc51dfaafe1c146e39a2027784957b"
            ],
            "index": "pypi",
            "version": "==2.21.0"
        },
        "six": {
            "hashes": [
                "sha256:1e61c37477a1626458e36f7b1d82aa5c9b094fa4802892072e49de9c60c4c926",
                "sha256:8abb2f1d86890a2dfb989f9a77cfcfd3e47c2a354b01111771326f8aa26e0254"
            ],
            "markers": "python_version >= '2.7' and python_version not in '3.0, 3.1, 3.2, 3.3'",
            "version": "==1.16.0"
        },
        "urllib3": {
            "hashes": [
                "sha256:2393a695cd12afedd0dcb26fe5d50d0cf248e5a66f75dbd89a3d4eb333a61af4",
                "sha256:a637e5fae88995b256e3409dc4d52c2e2e0ba32c42a6365fee8bbd2238de3cfb"
            ],
            "markers": "python_version >= '2.7' and python_version not in '3.0, 3.1, 3.2, 3.3' and python_version < '4'",
            "version": "==1.24.3"
        }
    },
    "develop": {}
}
